// !$*UTF8*$!
{
	archiveVersion = 1;
	classes = {
	};
	objectVersion = 77;
	objects = {

/* Begin PBXBuildFile section */
		6D5530B6301700FB0018B619 /* Lottie in Frameworks */ = {isa = PBXBuildFile; productRef = 6D5530B5301700FB0018B619 /* Lottie */; };
		6D8B26573006BA48001616C8 /* Alamofire in Frameworks */ = {isa = PBXBuildFile; productRef = 6D8B26563006BA48001616C8 /* Alamofire */; };
		6D8B29BA3006F319001616C8 /* Swinject in Frameworks */ = {isa = PBXBuildFile; productRef = 6D8B29B93006F319001616C8 /* Swinject */; };
		9A000001300A000100000001 /* Alamofire in Frameworks */ = {isa = PBXBuildFile; productRef = 6D8B26563006BA48001616C8 /* Alamofire */; };
/* End PBXBuildFile section */

/* Begin PBXContainerItemProxy section */
		783499293005541E001D87B6 /* PBXContainerItemProxy */ = {
			isa = PBXContainerItemProxy;
			containerPortal = 7834991130055416001D87B6 /* Project object */;
			proxyType = 1;
			remoteGlobalIDString = 7834991830055416001D87B6;
			remoteInfo = Medsy;
		};
		783499333005541E001D87B6 /* PBXContainerItemProxy */ = {
			isa = PBXContainerItemProxy;
			containerPortal = 7834991130055416001D87B6 /* Project object */;
			proxyType = 1;
			remoteGlobalIDString = 7834991830055416001D87B6;
			remoteInfo = Medsy;
		};
		787FF8823009785D006556E7 /* PBXContainerItemProxy */ = {
			isa = PBXContainerItemProxy;
			containerPortal = 7834991130055416001D87B6 /* Project object */;
			proxyType = 1;
			remoteGlobalIDString = 787FF8723009785B006556E7;
			remoteInfo = "Medsy-Pharmacy";
		};
		787FF88C3009785D006556E7 /* PBXContainerItemProxy */ = {
			isa = PBXContainerItemProxy;
			containerPortal = 7834991130055416001D87B6 /* Project object */;
			proxyType = 1;
			remoteGlobalIDString = 787FF8723009785B006556E7;
			remoteInfo = "Medsy-Pharmacy";
		};
/* End PBXContainerItemProxy section */

/* Begin PBXFileReference section */
		7834991930055416001D87B6 /* Medsy.app */ = {isa = PBXFileReference; explicitFileType = wrapper.application; includeInIndex = 0; path = Medsy.app; sourceTree = BUILT_PRODUCTS_DIR; };
		783499283005541E001D87B6 /* MedsyTests.xctest */ = {isa = PBXFileReference; explicitFileType = wrapper.cfbundle; includeInIndex = 0; path = MedsyTests.xctest; sourceTree = BUILT_PRODUCTS_DIR; };
		783499323005541E001D87B6 /* MedsyUITests.xctest */ = {isa = PBXFileReference; explicitFileType = wrapper.cfbundle; includeInIndex = 0; path = MedsyUITests.xctest; sourceTree = BUILT_PRODUCTS_DIR; };
		787FF8733009785B006556E7 /* Medsy-Pharmacy.app */ = {isa = PBXFileReference; explicitFileType = wrapper.application; includeInIndex = 0; path = "Medsy-Pharmacy.app"; sourceTree = BUILT_PRODUCTS_DIR; };
		787FF8813009785D006556E7 /* Medsy-PharmacyTests.xctest */ = {isa = PBXFileReference; explicitFileType = wrapper.cfbundle; includeInIndex = 0; path = "Medsy-PharmacyTests.xctest"; sourceTree = BUILT_PRODUCTS_DIR; };
		787FF88B3009785D006556E7 /* Medsy-PharmacyUITests.xctest */ = {isa = PBXFileReference; explicitFileType = wrapper.cfbundle; includeInIndex = 0; path = "Medsy-PharmacyUITests.xctest"; sourceTree = BUILT_PRODUCTS_DIR; };
/* End PBXFileReference section */

/* Begin PBXFileSystemSynchronizedBuildFileExceptionSet section */
		6DCBAAD8300F0D4E004036A1 /* Exceptions for "Medsy" folder in "Medsy" target */ = {
			isa = PBXFileSystemSynchronizedBuildFileExceptionSet;
			membershipExceptions = (
				Features/Orders/Presentation/Views/OrdersCoordinatorView.swift,
				Info.plist,
			);
			target = 7834991830055416001D87B6 /* Medsy */;
		};
/* End PBXFileSystemSynchronizedBuildFileExceptionSet section */

/* Begin PBXFileSystemSynchronizedRootGroup section */
		7834991B30055416001D87B6 /* Medsy */ = {
			isa = PBXFileSystemSynchronizedRootGroup;
			exceptions = (
				6DCBAAD8300F0D4E004036A1 /* Exceptions for "Medsy" folder in "Medsy" target */,
			);
			path = Medsy;
			sourceTree = "<group>";
		};
		7834992B3005541E001D87B6 /* MedsyTests */ = {
			isa = PBXFileSystemSynchronizedRootGroup;
			path = MedsyTests;
			sourceTree = "<group>";
		};
		783499353005541E001D87B6 /* MedsyUITests */ = {
			isa = PBXFileSystemSynchronizedRootGroup;
			path = MedsyUITests;
			sourceTree = "<group>";
		};
		787FF8743009785B006556E7 /* Medsy-Pharmacy */ = {
			isa = PBXFileSystemSynchronizedRootGroup;
			path = "Medsy-Pharmacy";
			sourceTree = "<group>";
		};
		787FF8843009785D006556E7 /* Medsy-PharmacyTests */ = {
			isa = PBXFileSystemSynchronizedRootGroup;
			path = "Medsy-PharmacyTests";
			sourceTree = "<group>";
		};
		787FF88E3009785D006556E7 /* Medsy-PharmacyUITests */ = {
			isa = PBXFileSystemSynchronizedRootGroup;
			path = "Medsy-PharmacyUITests";
			sourceTree = "<group>";
		};
		9A000002300A000100000001 /* SharedCore */ = {
			isa = PBXFileSystemSynchronizedRootGroup;
			path = SharedCore;
			sourceTree = "<group>";
		};
/* End PBXFileSystemSynchronizedRootGroup section */

/* Begin PBXFrameworksBuildPhase section */
		7834991630055416001D87B6 /* Frameworks */ = {
			isa = PBXFrameworksBuildPhase;
			buildActionMask = 2147483647;
			files = (
				6D8B26573006BA48001616C8 /* Alamofire in Frameworks */,
				6D8B29BA3006F319001616C8 /* Swinject in Frameworks */,
			);
			runOnlyForDeploymentPostprocessing = 0;
		};
		783499253005541E001D87B6 /* Frameworks */ = {
			isa = PBXFrameworksBuildPhase;
			buildActionMask = 2147483647;
			files = (
			);
			runOnlyForDeploymentPostprocessing = 0;
		};
		7834992F3005541E001D87B6 /* Frameworks */ = {
			isa = PBXFrameworksBuildPhase;
			buildActionMask = 2147483647;
			files = (
			);
			runOnlyForDeploymentPostprocessing = 0;
		};
		787FF8703009785B006556E7 /* Frameworks */ = {
			isa = PBXFrameworksBuildPhase;
			buildActionMask = 2147483647;
			files = (
				9A000001300A000100000001 /* Alamofire in Frameworks */,
				6D5530B6301700FB0018B619 /* Lottie in Frameworks */,
			);
			runOnlyForDeploymentPostprocessing = 0;
		};
		787FF87E3009785D006556E7 /* Frameworks */ = {
			isa = PBXFrameworksBuildPhase;
			buildActionMask = 2147483647;
			files = (
			);
			runOnlyForDeploymentPostprocessing = 0;
		};
		787FF8883009785D006556E7 /* Frameworks */ = {
			isa = PBXFrameworksBuildPhase;
			buildActionMask = 2147483647;
			files = (
			);
			runOnlyForDeploymentPostprocessing = 0;
		};
/* End PBXFrameworksBuildPhase section */

/* Begin PBXGroup section */
		7834991030055416001D87B6 = {
			isa = PBXGroup;
			children = (
				7834991B30055416001D87B6 /* Medsy */,
				7834992B3005541E001D87B6 /* MedsyTests */,
				783499353005541E001D87B6 /* MedsyUITests */,
				787FF8743009785B006556E7 /* Medsy-Pharmacy */,
				787FF8843009785D006556E7 /* Medsy-PharmacyTests */,
				787FF88E3009785D006556E7 /* Medsy-PharmacyUITests */,
				9A000002300A000100000001 /* SharedCore */,
				7834991A30055416001D87B6 /* Products */,
			);
			sourceTree = "<group>";
		};
		7834991A30055416001D87B6 /* Products */ = {
			isa = PBXGroup;
			children = (
				7834991930055416001D87B6 /* Medsy.app */,
				783499283005541E001D87B6 /* MedsyTests.xctest */,
				783499323005541E001D87B6 /* MedsyUITests.xctest */,
				787FF8733009785B006556E7 /* Medsy-Pharmacy.app */,
				787FF8813009785D006556E7 /* Medsy-PharmacyTests.xctest */,
				787FF88B3009785D006556E7 /* Medsy-PharmacyUITests.xctest */,
			);
			name = Products;
			sourceTree = "<group>";
		};
/* End PBXGroup section */

/* Begin PBXNativeTarget section */
		7834991830055416001D87B6 /* Medsy */ = {
			isa = PBXNativeTarget;
			buildConfigurationList = 7834993C3005541E001D87B6 /* Build configuration list for PBXNativeTarget "Medsy" */;
			buildPhases = (
				7834991530055416001D87B6 /* Sources */,
				7834991630055416001D87B6 /* Frameworks */,
				7834991730055416001D87B6 /* Resources */,
			);
			buildRules = (
			);
			dependencies = (
			);
			fileSystemSynchronizedGroups = (
				7834991B30055416001D87B6 /* Medsy */,
				9A000002300A000100000001 /* SharedCore */,
			);
			name = Medsy;
			packageProductDependencies = (
				6D8B26563006BA48001616C8 /* Alamofire */,
				6D8B29B93006F319001616C8 /* Swinject */,
			);
			productName = Medsy;
			productReference = 7834991930055416001D87B6 /* Medsy.app */;
			productType = "com.apple.product-type.application";
		};
		783499273005541E001D87B6 /* MedsyTests */ = {
			isa = PBXNativeTarget;
			buildConfigurationList = 7834993F3005541E001D87B6 /* Build configuration list for PBXNativeTarget "MedsyTests" */;
			buildPhases = (
				783499243005541E001D87B6 /* Sources */,
				783499253005541E001D87B6 /* Frameworks */,
				783499263005541E001D87B6 /* Resources */,
			);
			buildRules = (
			);
			dependencies = (
				7834992A3005541E001D87B6 /* PBXTargetDependency */,
			);
			fileSystemSynchronizedGroups = (
				7834992B3005541E001D87B6 /* MedsyTests */,
			);
			name = MedsyTests;
			packageProductDependencies = (
			);
			productName = MedsyTests;
			productReference = 783499283005541E001D87B6 /* MedsyTests.xctest */;
			productType = "com.apple.product-type.bundle.unit-test";
		};
		783499313005541E001D87B6 /* MedsyUITests */ = {
			isa = PBXNativeTarget;
			buildConfigurationList = 783499423005541E001D87B6 /* Build configuration list for PBXNativeTarget "MedsyUITests" */;
			buildPhases = (
				7834992E3005541E001D87B6 /* Sources */,
				7834992F3005541E001D87B6 /* Frameworks */,
				783499303005541E001D87B6 /* Resources */,
			);
			buildRules = (
			);
			dependencies = (
				783499343005541E001D87B6 /* PBXTargetDependency */,
			);
			fileSystemSynchronizedGroups = (
				783499353005541E001D87B6 /* MedsyUITests */,
			);
			name = MedsyUITests;
			packageProductDependencies = (
			);
			productName = MedsyUITests;
			productReference = 783499323005541E001D87B6 /* MedsyUITests.xctest */;
			productType = "com.apple.product-type.bundle.ui-testing";
		};
		787FF8723009785B006556E7 /* Medsy-Pharmacy */ = {
			isa = PBXNativeTarget;
			buildConfigurationList = 787FF8993009785D006556E7 /* Build configuration list for PBXNativeTarget "Medsy-Pharmacy" */;
			buildPhases = (
				787FF86F3009785B006556E7 /* Sources */,
				787FF8703009785B006556E7 /* Frameworks */,
				787FF8713009785B006556E7 /* Resources */,
			);
			buildRules = (
			);
			dependencies = (
			);
			fileSystemSynchronizedGroups = (
				787FF8743009785B006556E7 /* Medsy-Pharmacy */,
				9A000002300A000100000001 /* SharedCore */,
			);
			name = "Medsy-Pharmacy";
			packageProductDependencies = (
				6D8B26563006BA48001616C8 /* Alamofire */,
				6D5530B5301700FB0018B619 /* Lottie */,
			);
			productName = "Medsy-Pharmacy";
			productReference = 787FF8733009785B006556E7 /* Medsy-Pharmacy.app */;
			productType = "com.apple.product-type.application";
		};
		787FF8803009785D006556E7 /* Medsy-PharmacyTests */ = {
			isa = PBXNativeTarget;
			buildConfigurationList = 787FF89A3009785D006556E7 /* Build configuration list for PBXNativeTarget "Medsy-PharmacyTests" */;
			buildPhases = (
				787FF87D3009785D006556E7 /* Sources */,
				787FF87E3009785D006556E7 /* Frameworks */,
				787FF87F3009785D006556E7 /* Resources */,
			);
			buildRules = (
			);
			dependencies = (
				787FF8833009785D006556E7 /* PBXTargetDependency */,
			);
			fileSystemSynchronizedGroups = (
				787FF8843009785D006556E7 /* Medsy-PharmacyTests */,
			);
			name = "Medsy-PharmacyTests";
			packageProductDependencies = (
			);
			productName = "Medsy-PharmacyTests";
			productReference = 787FF8813009785D006556E7 /* Medsy-PharmacyTests.xctest */;
			productType = "com.apple.product-type.bundle.unit-test";
		};
		787FF88A3009785D006556E7 /* Medsy-PharmacyUITests */ = {
			isa = PBXNativeTarget;
			buildConfigurationList = 787FF89B3009785D006556E7 /* Build configuration list for PBXNativeTarget "Medsy-PharmacyUITests" */;
			buildPhases = (
				787FF8873009785D006556E7 /* Sources */,
				787FF8883009785D006556E7 /* Frameworks */,
				787FF8893009785D006556E7 /* Resources */,
			);
			buildRules = (
			);
			dependencies = (
				787FF88D3009785D006556E7 /* PBXTargetDependency */,
			);
			fileSystemSynchronizedGroups = (
				787FF88E3009785D006556E7 /* Medsy-PharmacyUITests */,
			);
			name = "Medsy-PharmacyUITests";
			packageProductDependencies = (
			);
			productName = "Medsy-PharmacyUITests";
			productReference = 787FF88B3009785D006556E7 /* Medsy-PharmacyUITests.xctest */;
			productType = "com.apple.product-type.bundle.ui-testing";
		};
/* End PBXNativeTarget section */

/* Begin PBXProject section */
		7834991130055416001D87B6 /* Project object */ = {
			isa = PBXProject;
			attributes = {
				BuildIndependentTargetsInParallel = 1;
				LastSwiftUpdateCheck = 1630;
				LastUpgradeCheck = 1630;
				TargetAttributes = {
					7834991830055416001D87B6 = {
						CreatedOnToolsVersion = 16.3;
					};
					783499273005541E001D87B6 = {
						CreatedOnToolsVersion = 16.3;
						TestTargetID = 7834991830055416001D87B6;
					};
					783499313005541E001D87B6 = {
						CreatedOnToolsVersion = 16.3;
						TestTargetID = 7834991830055416001D87B6;
					};
					787FF8723009785B006556E7 = {
						CreatedOnToolsVersion = 16.3;
					};
					787FF8803009785D006556E7 = {
						CreatedOnToolsVersion = 16.3;
						TestTargetID = 787FF8723009785B006556E7;
					};
					787FF88A3009785D006556E7 = {
						CreatedOnToolsVersion = 16.3;
						TestTargetID = 787FF8723009785B006556E7;
					};
				};
			};
			buildConfigurationList = 7834991430055416001D87B6 /* Build configuration list for PBXProject "Medsy" */;
			developmentRegion = en;
			hasScannedForEncodings = 0;
			knownRegions = (
				en,
				Base,
				ar,
			);
			mainGroup = 7834991030055416001D87B6;
			minimizedProjectReferenceProxies = 1;
			packageReferences = (
				6D8B26553006BA48001616C8 /* XCRemoteSwiftPackageReference "Alamofire" */,
				6D8B29B83006F319001616C8 /* XCRemoteSwiftPackageReference "Swinject" */,
				6D5530B4301700FB0018B619 /* XCRemoteSwiftPackageReference "lottie-ios" */,
			);
			preferredProjectObjectVersion = 77;
			productRefGroup = 7834991A30055416001D87B6 /* Products */;
			projectDirPath = "";
			projectRoot = "";
			targets = (
				7834991830055416001D87B6 /* Medsy */,
				783499273005541E001D87B6 /* MedsyTests */,
				783499313005541E001D87B6 /* MedsyUITests */,
				787FF8723009785B006556E7 /* Medsy-Pharmacy */,
				787FF8803009785D006556E7 /* Medsy-PharmacyTests */,
				787FF88A3009785D006556E7 /* Medsy-PharmacyUITests */,
			);
		};
/* End PBXProject section */

/* Begin PBXResourcesBuildPhase section */
		7834991730055416001D87B6 /* Resources */ = {
			isa = PBXResourcesBuildPhase;
			buildActionMask = 2147483647;
			files = (
			);
			runOnlyForDeploymentPostprocessing = 0;
		};
		783499263005541E001D87B6 /* Resources */ = {
			isa = PBXResourcesBuildPhase;
			buildActionMask = 2147483647;
			files = (
			);
			runOnlyForDeploymentPostprocessing = 0;
		};
		783499303005541E001D87B6 /* Resources */ = {
			isa = PBXResourcesBuildPhase;
			buildActionMask = 2147483647;
			files = (
			);
			runOnlyForDeploymentPostprocessing = 0;
		};
		787FF8713009785B006556E7 /* Resources */ = {
			isa = PBXResourcesBuildPhase;
			buildActionMask = 2147483647;
			files = (
			);
			runOnlyForDeploymentPostprocessing = 0;
		};
		787FF87F3009785D006556E7 /* Resources */ = {
			isa = PBXResourcesBuildPhase;
			buildActionMask = 2147483647;
			files = (
			);
			runOnlyForDeploymentPostprocessing = 0;
		};
		787FF8893009785D006556E7 /* Resources */ = {
			isa = PBXResourcesBuildPhase;
			buildActionMask = 2147483647;
			files = (
			);
			runOnlyForDeploymentPostprocessing = 0;
		};
/* End PBXResourcesBuildPhase section */

/* Begin PBXSourcesBuildPhase section */
		7834991530055416001D87B6 /* Sources */ = {
			isa = PBXSourcesBuildPhase;
			buildActionMask = 2147483647;
			files = (
			);
			runOnlyForDeploymentPostprocessing = 0;
		};
		783499243005541E001D87B6 /* Sources */ = {
			isa = PBXSourcesBuildPhase;
			buildActionMask = 2147483647;
			files = (
			);
			runOnlyForDeploymentPostprocessing = 0;
		};
		7834992E3005541E001D87B6 /* Sources */ = {
			isa = PBXSourcesBuildPhase;
			buildActionMask = 2147483647;
			files = (
			);
			runOnlyForDeploymentPostprocessing = 0;
		};
		787FF86F3009785B006556E7 /* Sources */ = {
			isa = PBXSourcesBuildPhase;
			buildActionMask = 2147483647;
			files = (
			);
			runOnlyForDeploymentPostprocessing = 0;
		};
		787FF87D3009785D006556E7 /* Sources */ = {
			isa = PBXSourcesBuildPhase;
			buildActionMask = 2147483647;
			files = (
			);
			runOnlyForDeploymentPostprocessing = 0;
		};
		787FF8873009785D006556E7 /* Sources */ = {
			isa = PBXSourcesBuildPhase;
			buildActionMask = 2147483647;
			files = (
			);
			runOnlyForDeploymentPostprocessing = 0;
		};
/* End PBXSourcesBuildPhase section */

/* Begin PBXTargetDependency section */
		7834992A3005541E001D87B6 /* PBXTargetDependency */ = {
			isa = PBXTargetDependency;
			target = 7834991830055416001D87B6 /* Medsy */;
			targetProxy = 783499293005541E001D87B6 /* PBXContainerItemProxy */;
		};
		783499343005541E001D87B6 /* PBXTargetDependency */ = {
			isa = PBXTargetDependency;
			target = 7834991830055416001D87B6 /* Medsy */;
			targetProxy = 783499333005541E001D87B6 /* PBXContainerItemProxy */;
		};
		787FF8833009785D006556E7 /* PBXTargetDependency */ = {
			isa = PBXTargetDependency;
			target = 787FF8723009785B006556E7 /* Medsy-Pharmacy */;
			targetProxy = 787FF8823009785D006556E7 /* PBXContainerItemProxy */;
		};
		787FF88D3009785D006556E7 /* PBXTargetDependency */ = {
			isa = PBXTargetDependency;
			target = 787FF8723009785B006556E7 /* Medsy-Pharmacy */;
			targetProxy = 787FF88C3009785D006556E7 /* PBXContainerItemProxy */;
		};
/* End PBXTargetDependency section */

/* Begin XCBuildConfiguration section */
		7834993A3005541E001D87B6 /* Debug */ = {
			isa = XCBuildConfiguration;
			buildSettings = {
				ALWAYS_SEARCH_USER_PATHS = NO;
				ASSETCATALOG_COMPILER_GENERATE_SWIFT_ASSET_SYMBOL_EXTENSIONS = YES;
				CLANG_ANALYZER_NONNULL = YES;
				CLANG_ANALYZER_NUMBER_OBJECT_CONVERSION = YES_AGGRESSIVE;
				CLANG_CXX_LANGUAGE_STANDARD = "gnu++20";
				CLANG_ENABLE_MODULES = YES;
				CLANG_ENABLE_OBJC_ARC = YES;
				CLANG_ENABLE_OBJC_WEAK = YES;
				CLANG_WARN_BLOCK_CAPTURE_AUTORELEASING = YES;
				CLANG_WARN_BOOL_CONVERSION = YES;
				CLANG_WARN_COMMA = YES;
				CLANG_WARN_CONSTANT_CONVERSION = YES;
				CLANG_WARN_DEPRECATED_OBJC_IMPLEMENTATIONS = YES;
				CLANG_WARN_DIRECT_OBJC_ISA_USAGE = YES_ERROR;
				CLANG_WARN_DOCUMENTATION_COMMENTS = YES;
				CLANG_WARN_EMPTY_BODY = YES;
				CLANG_WARN_ENUM_CONVERSION = YES;
				CLANG_WARN_INFINITE_RECURSION = YES;
				CLANG_WARN_INT_CONVERSION = YES;
				CLANG_WARN_NON_LITERAL_NULL_CONVERSION = YES;
				CLANG_WARN_OBJC_IMPLICIT_RETAIN_SELF = YES;
				CLANG_WARN_OBJC_LITERAL_CONVERSION = YES;
				CLANG_WARN_OBJC_ROOT_CLASS = YES_ERROR;
				CLANG_WARN_QUOTED_INCLUDE_IN_FRAMEWORK_HEADER = YES;
				CLANG_WARN_RANGE_LOOP_ANALYSIS = YES;
				CLANG_WARN_STRICT_PROTOTYPES = YES;
				CLANG_WARN_SUSPICIOUS_MOVE = YES;
				CLANG_WARN_UNGUARDED_AVAILABILITY = YES_AGGRESSIVE;
				CLANG_WARN_UNREACHABLE_CODE = YES;
				CLANG_WARN__DUPLICATE_METHOD_MATCH = YES;
				COPY_PHASE_STRIP = NO;
				DEBUG_INFORMATION_FORMAT = dwarf;
				ENABLE_STRICT_OBJC_MSGSEND = YES;
				ENABLE_TESTABILITY = YES;
				ENABLE_USER_SCRIPT_SANDBOXING = YES;
				GCC_C_LANGUAGE_STANDARD = gnu17;
				GCC_DYNAMIC_NO_PIC = NO;
				GCC_NO_COMMON_BLOCKS = YES;
				GCC_OPTIMIZATION_LEVEL = 0;
				GCC_PREPROCESSOR_DEFINITIONS = (
					"DEBUG=1",
					"$(inherited)",
				);
				GCC_WARN_64_TO_32_BIT_CONVERSION = YES;
				GCC_WARN_ABOUT_RETURN_TYPE = YES_ERROR;
				GCC_WARN_UNDECLARED_SELECTOR = YES;
				GCC_WARN_UNINITIALIZED_AUTOS = YES_AGGRESSIVE;
				GCC_WARN_UNUSED_FUNCTION = YES;
				GCC_WARN_UNUSED_VARIABLE = YES;
				IPHONEOS_DEPLOYMENT_TARGET = 18.4;
				LOCALIZATION_PREFERS_STRING_CATALOGS = YES;
				MTL_ENABLE_DEBUG_INFO = INCLUDE_SOURCE;
				MTL_FAST_MATH = YES;
				ONLY_ACTIVE_ARCH = YES;
				SDKROOT = iphoneos;
				SWIFT_ACTIVE_COMPILATION_CONDITIONS = "DEBUG $(inherited)";
				SWIFT_OPTIMIZATION_LEVEL = "-Onone";
			};
			name = Debug;
		};
		7834993B3005541E001D87B6 /* Release */ = {
			isa = XCBuildConfiguration;
			buildSettings = {
				ALWAYS_SEARCH_USER_PATHS = NO;
				ASSETCATALOG_COMPILER_GENERATE_SWIFT_ASSET_SYMBOL_EXTENSIONS = YES;
				CLANG_ANALYZER_NONNULL = YES;
				CLANG_ANALYZER_NUMBER_OBJECT_CONVERSION = YES_AGGRESSIVE;
				CLANG_CXX_LANGUAGE_STANDARD = "gnu++20";
				CLANG_ENABLE_MODULES = YES;
				CLANG_ENABLE_OBJC_ARC = YES;
				CLANG_ENABLE_OBJC_WEAK = YES;
				CLANG_WARN_BLOCK_CAPTURE_AUTORELEASING = YES;
				CLANG_WARN_BOOL_CONVERSION = YES;
				CLANG_WARN_COMMA = YES;
				CLANG_WARN_CONSTANT_CONVERSION = YES;
				CLANG_WARN_DEPRECATED_OBJC_IMPLEMENTATIONS = YES;
				CLANG_WARN_DIRECT_OBJC_ISA_USAGE = YES_ERROR;
				CLANG_WARN_DOCUMENTATION_COMMENTS = YES;
				CLANG_WARN_EMPTY_BODY = YES;
				CLANG_WARN_ENUM_CONVERSION = YES;
				CLANG_WARN_INFINITE_RECURSION = YES;
				CLANG_WARN_INT_CONVERSION = YES;
				CLANG_WARN_NON_LITERAL_NULL_CONVERSION = YES;
				CLANG_WARN_OBJC_IMPLICIT_RETAIN_SELF = YES;
				CLANG_WARN_OBJC_LITERAL_CONVERSION = YES;
				CLANG_WARN_OBJC_ROOT_CLASS = YES_ERROR;
				CLANG_WARN_QUOTED_INCLUDE_IN_FRAMEWORK_HEADER = YES;
				CLANG_WARN_RANGE_LOOP_ANALYSIS = YES;
				CLANG_WARN_STRICT_PROTOTYPES = YES;
				CLANG_WARN_SUSPICIOUS_MOVE = YES;
				CLANG_WARN_UNGUARDED_AVAILABILITY = YES_AGGRESSIVE;
				CLANG_WARN_UNREACHABLE_CODE = YES;
				CLANG_WARN__DUPLICATE_METHOD_MATCH = YES;
				COPY_PHASE_STRIP = NO;
				DEBUG_INFORMATION_FORMAT = "dwarf-with-dsym";
				ENABLE_NS_ASSERTIONS = NO;
				ENABLE_STRICT_OBJC_MSGSEND = YES;
				ENABLE_USER_SCRIPT_SANDBOXING = YES;
				GCC_C_LANGUAGE_STANDARD = gnu17;
				GCC_NO_COMMON_BLOCKS = YES;
				GCC_WARN_64_TO_32_BIT_CONVERSION = YES;
				GCC_WARN_ABOUT_RETURN_TYPE = YES_ERROR;
				GCC_WARN_UNDECLARED_SELECTOR = YES;
				GCC_WARN_UNINITIALIZED_AUTOS = YES_AGGRESSIVE;
				GCC_WARN_UNUSED_FUNCTION = YES;
				GCC_WARN_UNUSED_VARIABLE = YES;
				IPHONEOS_DEPLOYMENT_TARGET = 18.4;
				LOCALIZATION_PREFERS_STRING_CATALOGS = YES;
				MTL_ENABLE_DEBUG_INFO = NO;
				MTL_FAST_MATH = YES;
				SDKROOT = iphoneos;
				SWIFT_COMPILATION_MODE = wholemodule;
				VALIDATE_PRODUCT = YES;
			};
			name = Release;
		};
		7834993D3005541E001D87B6 /* Debug */ = {
			isa = XCBuildConfiguration;
			buildSettings = {
				ASSETCATALOG_COMPILER_APPICON_NAME = AppIcon;
				ASSETCATALOG_COMPILER_GLOBAL_ACCENT_COLOR_NAME = AccentColor;
				CODE_SIGN_STYLE = Automatic;
				CURRENT_PROJECT_VERSION = 1;
				DEVELOPMENT_TEAM = "";
				ENABLE_PREVIEWS = YES;
				GENERATE_INFOPLIST_FILE = YES;
				INFOPLIST_FILE = Medsy/Info.plist;
				INFOPLIST_KEY_NSCameraUsageDescription = "Take a photo of your prescription to identify its medicines.";
				INFOPLIST_KEY_NSLocationWhenInUseUsageDescription = "We need your location to show nearby addresses and help you select your delivery address.";
				INFOPLIST_KEY_UIApplicationSceneManifest_Generation = YES;
				INFOPLIST_KEY_UIApplicationSupportsIndirectInputEvents = YES;
				INFOPLIST_KEY_UILaunchScreen_Generation = YES;
				INFOPLIST_KEY_UISupportedInterfaceOrientations_iPad = "UIInterfaceOrientationPortrait UIInterfaceOrientationPortraitUpsideDown UIInterfaceOrientationLandscapeLeft UIInterfaceOrientationLandscapeRight";
				INFOPLIST_KEY_UISupportedInterfaceOrientations_iPhone = "UIInterfaceOrientationPortrait UIInterfaceOrientationLandscapeLeft UIInterfaceOrientationLandscapeRight";
				LD_RUNPATH_SEARCH_PATHS = (
					"$(inherited)",
					"@executable_path/Frameworks",
				);
				MARKETING_VERSION = 1.0;
				PRODUCT_BUNDLE_IDENTIFIER = iti.Medsy;
				PRODUCT_NAME = "$(TARGET_NAME)";
				SWIFT_EMIT_LOC_STRINGS = YES;
				SWIFT_VERSION = 5.0;
				TARGETED_DEVICE_FAMILY = "1,2";
			};
			name = Debug;
		};
		7834993E3005541E001D87B6 /* Release */ = {
			isa = XCBuildConfiguration;
			buildSettings = {
				ASSETCATALOG_COMPILER_APPICON_NAME = AppIcon;
				ASSETCATALOG_COMPILER_GLOBAL_ACCENT_COLOR_NAME = AccentColor;
				CODE_SIGN_STYLE = Automatic;
				CURRENT_PROJECT_VERSION = 1;
				DEVELOPMENT_TEAM = "";
				ENABLE_PREVIEWS = YES;
				GENERATE_INFOPLIST_FILE = YES;
				INFOPLIST_FILE = Medsy/Info.plist;
				INFOPLIST_KEY_NSCameraUsageDescription = "Take a photo of your prescription to identify its medicines.";
				INFOPLIST_KEY_NSLocationWhenInUseUsageDescription = "We need your location to show nearby addresses and help you select your delivery address.";
				INFOPLIST_KEY_UIApplicationSceneManifest_Generation = YES;
				INFOPLIST_KEY_UIApplicationSupportsIndirectInputEvents = YES;
				INFOPLIST_KEY_UILaunchScreen_Generation = YES;
				INFOPLIST_KEY_UISupportedInterfaceOrientations_iPad = "UIInterfaceOrientationPortrait UIInterfaceOrientationPortraitUpsideDown UIInterfaceOrientationLandscapeLeft UIInterfaceOrientationLandscapeRight";
				INFOPLIST_KEY_UISupportedInterfaceOrientations_iPhone = "UIInterfaceOrientationPortrait UIInterfaceOrientationLandscapeLeft UIInterfaceOrientationLandscapeRight";
				LD_RUNPATH_SEARCH_PATHS = (
					"$(inherited)",
					"@executable_path/Frameworks",
				);
				MARKETING_VERSION = 1.0;
				PRODUCT_BUNDLE_IDENTIFIER = iti.Medsy;
				PRODUCT_NAME = "$(TARGET_NAME)";
				SWIFT_EMIT_LOC_STRINGS = YES;
				SWIFT_VERSION = 5.0;
				TARGETED_DEVICE_FAMILY = "1,2";
			};
			name = Release;
		};
		783499403005541E001D87B6 /* Debug */ = {
			isa = XCBuildConfiguration;
			buildSettings = {
				BUNDLE_LOADER = "$(TEST_HOST)";
				CODE_SIGN_STYLE = Automatic;
				CURRENT_PROJECT_VERSION = 1;
				GENERATE_INFOPLIST_FILE = YES;
				IPHONEOS_DEPLOYMENT_TARGET = 18.4;
				MARKETING_VERSION = 1.0;
				PRODUCT_BUNDLE_IDENTIFIER = iti.MedsyTests;
				PRODUCT_NAME = "$(TARGET_NAME)";
				SWIFT_EMIT_LOC_STRINGS = NO;
				SWIFT_VERSION = 5.0;
				TARGETED_DEVICE_FAMILY = "1,2";
				TEST_HOST = "$(BUILT_PRODUCTS_DIR)/Medsy.app/$(BUNDLE_EXECUTABLE_FOLDER_PATH)/Medsy";
			};
			name = Debug;
		};
		783499413005541E001D87B6 /* Release */ = {
			isa = XCBuildConfiguration;
			buildSettings = {
				BUNDLE_LOADER = "$(TEST_HOST)";
				CODE_SIGN_STYLE = Automatic;
				CURRENT_PROJECT_VERSION = 1;
				GENERATE_INFOPLIST_FILE = YES;
				IPHONEOS_DEPLOYMENT_TARGET = 18.4;
				MARKETING_VERSION = 1.0;
				PRODUCT_BUNDLE_IDENTIFIER = iti.MedsyTests;
				PRODUCT_NAME = "$(TARGET_NAME)";
				SWIFT_EMIT_LOC_STRINGS = NO;
				SWIFT_VERSION = 5.0;
				TARGETED_DEVICE_FAMILY = "1,2";
				TEST_HOST = "$(BUILT_PRODUCTS_DIR)/Medsy.app/$(BUNDLE_EXECUTABLE_FOLDER_PATH)/Medsy";
			};
			name = Release;
		};
		783499433005541E001D87B6 /* Debug */ = {
			isa = XCBuildConfiguration;
			buildSettings = {
				CODE_SIGN_STYLE = Automatic;
				CURRENT_PROJECT_VERSION = 1;
				GENERATE_INFOPLIST_FILE = YES;
				MARKETING_VERSION = 1.0;
				PRODUCT_BUNDLE_IDENTIFIER = iti.MedsyUITests;
				PRODUCT_NAME = "$(TARGET_NAME)";
				SWIFT_EMIT_LOC_STRINGS = NO;
				SWIFT_VERSION = 5.0;
				TARGETED_DEVICE_FAMILY = "1,2";
				TEST_TARGET_NAME = Medsy;
			};
			name = Debug;
		};
		783499443005541E001D87B6 /* Release */ = {
			isa = XCBuildConfiguration;
			buildSettings = {
				CODE_SIGN_STYLE = Automatic;
				CURRENT_PROJECT_VERSION = 1;
				GENERATE_INFOPLIST_FILE = YES;
				MARKETING_VERSION = 1.0;
				PRODUCT_BUNDLE_IDENTIFIER = iti.MedsyUITests;
				PRODUCT_NAME = "$(TARGET_NAME)";
				SWIFT_EMIT_LOC_STRINGS = NO;
				SWIFT_VERSION = 5.0;
				TARGETED_DEVICE_FAMILY = "1,2";
				TEST_TARGET_NAME = Medsy;
			};
			name = Release;
		};
		787FF8933009785D006556E7 /* Debug */ = {
			isa = XCBuildConfiguration;
			buildSettings = {
				ASSETCATALOG_COMPILER_APPICON_NAME = AppIcon;
				ASSETCATALOG_COMPILER_GLOBAL_ACCENT_COLOR_NAME = AccentColor;
				CODE_SIGN_STYLE = Automatic;
				CURRENT_PROJECT_VERSION = 1;
				ENABLE_PREVIEWS = YES;
				GENERATE_INFOPLIST_FILE = YES;
				INFOPLIST_KEY_NSLocationWhenInUseUsageDescription = "Medsy uses your location to set your pharmacy location.";
				INFOPLIST_KEY_UIApplicationSceneManifest_Generation = YES;
				INFOPLIST_KEY_UIApplicationSupportsIndirectInputEvents = YES;
				INFOPLIST_KEY_UILaunchScreen_Generation = YES;
				INFOPLIST_KEY_UISupportedInterfaceOrientations_iPad = "UIInterfaceOrientationPortrait UIInterfaceOrientationPortraitUpsideDown UIInterfaceOrientationLandscapeLeft UIInterfaceOrientationLandscapeRight";
				INFOPLIST_KEY_UISupportedInterfaceOrientations_iPhone = "UIInterfaceOrientationPortrait UIInterfaceOrientationLandscapeLeft UIInterfaceOrientationLandscapeRight";
				LD_RUNPATH_SEARCH_PATHS = (
					"$(inherited)",
					"@executable_path/Frameworks",
				);
				MARKETING_VERSION = 1.0;
				PRODUCT_BUNDLE_IDENTIFIER = "iti.Medsy-Pharmacy";
				PRODUCT_NAME = "$(TARGET_NAME)";
				SWIFT_EMIT_LOC_STRINGS = YES;
				SWIFT_VERSION = 5.0;
				TARGETED_DEVICE_FAMILY = "1,2";
			};
			name = Debug;
		};
		787FF8943009785D006556E7 /* Release */ = {
			isa = XCBuildConfiguration;
			buildSettings = {
				ASSETCATALOG_COMPILER_APPICON_NAME = AppIcon;
				ASSETCATALOG_COMPILER_GLOBAL_ACCENT_COLOR_NAME = AccentColor;
				CODE_SIGN_STYLE = Automatic;
				CURRENT_PROJECT_VERSION = 1;
				ENABLE_PREVIEWS = YES;
				GENERATE_INFOPLIST_FILE = YES;
				INFOPLIST_KEY_NSLocationWhenInUseUsageDescription = "Medsy uses your location to set your pharmacy location.";
				INFOPLIST_KEY_UIApplicationSceneManifest_Generation = YES;
				INFOPLIST_KEY_UIApplicationSupportsIndirectInputEvents = YES;
				INFOPLIST_KEY_UILaunchScreen_Generation = YES;
				INFOPLIST_KEY_UISupportedInterfaceOrientations_iPad = "UIInterfaceOrientationPortrait UIInterfaceOrientationPortraitUpsideDown UIInterfaceOrientationLandscapeLeft UIInterfaceOrientationLandscapeRight";
				INFOPLIST_KEY_UISupportedInterfaceOrientations_iPhone = "UIInterfaceOrientationPortrait UIInterfaceOrientationLandscapeLeft UIInterfaceOrientationLandscapeRight";
				LD_RUNPATH_SEARCH_PATHS = (
					"$(inherited)",
					"@executable_path/Frameworks",
				);
				MARKETING_VERSION = 1.0;
				PRODUCT_BUNDLE_IDENTIFIER = "iti.Medsy-Pharmacy";
				PRODUCT_NAME = "$(TARGET_NAME)";
				SWIFT_EMIT_LOC_STRINGS = YES;
				SWIFT_VERSION = 5.0;
				TARGETED_DEVICE_FAMILY = "1,2";
			};
			name = Release;
		};
		787FF8953009785D006556E7 /* Debug */ = {
			isa = XCBuildConfiguration;
			buildSettings = {
				BUNDLE_LOADER = "$(TEST_HOST)";
				CODE_SIGN_STYLE = Automatic;
				CURRENT_PROJECT_VERSION = 1;
				GENERATE_INFOPLIST_FILE = YES;
				IPHONEOS_DEPLOYMENT_TARGET = 18.4;
				MARKETING_VERSION = 1.0;
				PRODUCT_BUNDLE_IDENTIFIER = "iti.Medsy-PharmacyTests";
				PRODUCT_NAME = "$(TARGET_NAME)";
				SWIFT_EMIT_LOC_STRINGS = NO;
				SWIFT_VERSION = 5.0;
				TARGETED_DEVICE_FAMILY = "1,2";
				TEST_HOST = "$(BUILT_PRODUCTS_DIR)/Medsy-Pharmacy.app/$(BUNDLE_EXECUTABLE_FOLDER_PATH)/Medsy-Pharmacy";
			};
			name = Debug;
		};
		787FF8963009785D006556E7 /* Release */ = {
			isa = XCBuildConfiguration;
			buildSettings = {
				BUNDLE_LOADER = "$(TEST_HOST)";
				CODE_SIGN_STYLE = Automatic;
				CURRENT_PROJECT_VERSION = 1;
				GENERATE_INFOPLIST_FILE = YES;
				IPHONEOS_DEPLOYMENT_TARGET = 18.4;
				MARKETING_VERSION = 1.0;
				PRODUCT_BUNDLE_IDENTIFIER = "iti.Medsy-PharmacyTests";
				PRODUCT_NAME = "$(TARGET_NAME)";
				SWIFT_EMIT_LOC_STRINGS = NO;
				SWIFT_VERSION = 5.0;
				TARGETED_DEVICE_FAMILY = "1,2";
				TEST_HOST = "$(BUILT_PRODUCTS_DIR)/Medsy-Pharmacy.app/$(BUNDLE_EXECUTABLE_FOLDER_PATH)/Medsy-Pharmacy";
			};
			name = Release;
		};
		787FF8973009785D006556E7 /* Debug */ = {
			isa = XCBuildConfiguration;
			buildSettings = {
				CODE_SIGN_STYLE = Automatic;
				CURRENT_PROJECT_VERSION = 1;
				GENERATE_INFOPLIST_FILE = YES;
				MARKETING_VERSION = 1.0;
				PRODUCT_BUNDLE_IDENTIFIER = "iti.Medsy-PharmacyUITests";
				PRODUCT_NAME = "$(TARGET_NAME)";
				SWIFT_EMIT_LOC_STRINGS = NO;
				SWIFT_VERSION = 5.0;
				TARGETED_DEVICE_FAMILY = "1,2";
				TEST_TARGET_NAME = "Medsy-Pharmacy";
			};
			name = Debug;
		};
		787FF8983009785D006556E7 /* Release */ = {
			isa = XCBuildConfiguration;
			buildSettings = {
				CODE_SIGN_STYLE = Automatic;
				CURRENT_PROJECT_VERSION = 1;
				GENERATE_INFOPLIST_FILE = YES;
				MARKETING_VERSION = 1.0;
				PRODUCT_BUNDLE_IDENTIFIER = "iti.Medsy-PharmacyUITests";
				PRODUCT_NAME = "$(TARGET_NAME)";
				SWIFT_EMIT_LOC_STRINGS = NO;
				SWIFT_VERSION = 5.0;
				TARGETED_DEVICE_FAMILY = "1,2";
				TEST_TARGET_NAME = "Medsy-Pharmacy";
			};
			name = Release;
		};
/* End XCBuildConfiguration section */

/* Begin XCConfigurationList section */
		7834991430055416001D87B6 /* Build configuration list for PBXProject "Medsy" */ = {
			isa = XCConfigurationList;
			buildConfigurations = (
				7834993A3005541E001D87B6 /* Debug */,
				7834993B3005541E001D87B6 /* Release */,
			);
			defaultConfigurationIsVisible = 0;
			defaultConfigurationName = Release;
		};
		7834993C3005541E001D87B6 /* Build configuration list for PBXNativeTarget "Medsy" */ = {
			isa = XCConfigurationList;
			buildConfigurations = (
				7834993D3005541E001D87B6 /* Debug */,
				7834993E3005541E001D87B6 /* Release */,
			);
			defaultConfigurationIsVisible = 0;
			defaultConfigurationName = Release;
		};
		7834993F3005541E001D87B6 /* Build configuration list for PBXNativeTarget "MedsyTests" */ = {
			isa = XCConfigurationList;
			buildConfigurations = (
				783499403005541E001D87B6 /* Debug */,
				783499413005541E001D87B6 /* Release */,
			);
			defaultConfigurationIsVisible = 0;
			defaultConfigurationName = Release;
		};
		783499423005541E001D87B6 /* Build configuration list for PBXNativeTarget "MedsyUITests" */ = {
			isa = XCConfigurationList;
			buildConfigurations = (
				783499433005541E001D87B6 /* Debug */,
				783499443005541E001D87B6 /* Release */,
			);
			defaultConfigurationIsVisible = 0;
			defaultConfigurationName = Release;
		};
		787FF8993009785D006556E7 /* Build configuration list for PBXNativeTarget "Medsy-Pharmacy" */ = {
			isa = XCConfigurationList;
			buildConfigurations = (
				787FF8933009785D006556E7 /* Debug */,
				787FF8943009785D006556E7 /* Release */,
			);
			defaultConfigurationIsVisible = 0;
			defaultConfigurationName = Release;
		};
		787FF89A3009785D006556E7 /* Build configuration list for PBXNativeTarget "Medsy-PharmacyTests" */ = {
			isa = XCConfigurationList;
			buildConfigurations = (
				787FF8953009785D006556E7 /* Debug */,
				787FF8963009785D006556E7 /* Release */,
			);
			defaultConfigurationIsVisible = 0;
			defaultConfigurationName = Release;
		};
		787FF89B3009785D006556E7 /* Build configuration list for PBXNativeTarget "Medsy-PharmacyUITests" */ = {
			isa = XCConfigurationList;
			buildConfigurations = (
				787FF8973009785D006556E7 /* Debug */,
				787FF8983009785D006556E7 /* Release */,
			);
			defaultConfigurationIsVisible = 0;
			defaultConfigurationName = Release;
		};
/* End XCConfigurationList section */

/* Begin XCRemoteSwiftPackageReference section */
		6D5530B4301700FB0018B619 /* XCRemoteSwiftPackageReference "lottie-ios" */ = {
			isa = XCRemoteSwiftPackageReference;
			repositoryURL = "https://github.com/airbnb/lottie-ios";
			requirement = {
				kind = upToNextMajorVersion;
				minimumVersion = 4.6.1;
			};
		};
		6D8B26553006BA48001616C8 /* XCRemoteSwiftPackageReference "Alamofire" */ = {
			isa = XCRemoteSwiftPackageReference;
			repositoryURL = "https://github.com/Alamofire/Alamofire.git";
			requirement = {
				kind = upToNextMajorVersion;
				minimumVersion = 5.12.0;
			};
		};
		6D8B29B83006F319001616C8 /* XCRemoteSwiftPackageReference "Swinject" */ = {
			isa = XCRemoteSwiftPackageReference;
			repositoryURL = "https://github.com/Swinject/Swinject.git";
			requirement = {
				kind = upToNextMajorVersion;
				minimumVersion = 2.10.0;
			};
		};
/* End XCRemoteSwiftPackageReference section */

/* Begin XCSwiftPackageProductDependency section */
		6D5530B5301700FB0018B619 /* Lottie */ = {
			isa = XCSwiftPackageProductDependency;
			package = 6D5530B4301700FB0018B619 /* XCRemoteSwiftPackageReference "lottie-ios" */;
			productName = Lottie;
		};
		6D8B26563006BA48001616C8 /* Alamofire */ = {
			isa = XCSwiftPackageProductDependency;
			package = 6D8B26553006BA48001616C8 /* XCRemoteSwiftPackageReference "Alamofire" */;
			productName = Alamofire;
		};
		6D8B29B93006F319001616C8 /* Swinject */ = {
			isa = XCSwiftPackageProductDependency;
			package = 6D8B29B83006F319001616C8 /* XCRemoteSwiftPackageReference "Swinject" */;
			productName = Swinject;
		};
/* End XCSwiftPackageProductDependency section */
	};
	rootObject = 7834991130055416001D87B6 /* Project object */;
}
